<Solution>
  <Folder Name="/src/">
    <Project Path="src/ApiSecurityLab.Api/ApiSecurityLab.Api.csproj" />
    <Project Path="src/ApiSecurityLab.Core/ApiSecurityLab.Core.csproj" />
    <Project Path="src/ApiSecurityLab.Infrastructure/ApiSecurityLab.Infrastructure.csproj" />
  </Folder>
  <Folder Name="/tests/">
    <Project Path="tests/ApiSecurityLab.Tests/ApiSecurityLab.Tests.csproj" />
  </Folder>
</Solution>
